
Microsoft Visual Studio Solution File, Format Version 12.00
# Visual Studio Version 17
VisualStudioVersion = 17.4.33213.308
MinimumVisualStudioVersion = 10.0.40219.1
Project("{FAE04EC0-301F-11D3-BF4B-00C04F79EFBC}") = "Static_Keyword", "Static_Keyword\Static_Keyword.csproj", "{02C89B46-2447-4ADE-820F-3B603D786A7E}"
EndProject
Global
	GlobalSection(SolutionConfigurationPlatforms) = preSolution
		Debug|Any CPU = Debug|Any CPU
		Release|Any CPU = Release|Any CPU
	EndGlobalSection
	GlobalSection(ProjectConfigurationPlatforms) = postSolution
		{02C89B46-2447-4ADE-820F-3B603D786A7E}.Debug|Any CPU.ActiveCfg = Debug|Any CPU
		{02C89B46-2447-4ADE-820F-3B603D786A7E}.Debug|Any CPU.Build.0 = Debug|Any CPU
		{02C89B46-2447-4ADE-820F-3B603D786A7E}.Release|Any CPU.ActiveCfg = Release|Any CPU
		{02C89B46-2447-4ADE-820F-3B603D786A7E}.Release|Any CPU.Build.0 = Release|Any CPU
	EndGlobalSection
	GlobalSection(SolutionProperties) = preSolution
		HideSolutionNode = FALSE
	EndGlobalSection
	GlobalSection(ExtensibilityGlobals) = postSolution
		SolutionGuid = {0DD150F8-C1D6-498D-8CA3-619B767B8D75}
	EndGlobalSection
EndGlobal
