
Microsoft Visual Studio Solution File, Format Version 12.00
# Visual Studio Version 17
VisualStudioVersion = 17.4.33213.308
MinimumVisualStudioVersion = 10.0.40219.1
Project("{FAE04EC0-301F-11D3-BF4B-00C04F79EFBC}") = "Hello World for Git Checking", "Hello World for Git Checking\Hello World for Git Checking.csproj", "{262BBD58-62B4-4DB7-A8A4-82E9DF815E49}"
EndProject
Global
	GlobalSection(SolutionConfigurationPlatforms) = preSolution
		Debug|Any CPU = Debug|Any CPU
		Release|Any CPU = Release|Any CPU
	EndGlobalSection
	GlobalSection(ProjectConfigurationPlatforms) = postSolution
		{262BBD58-62B4-4DB7-A8A4-82E9DF815E49}.Debug|Any CPU.ActiveCfg = Debug|Any CPU
		{262BBD58-62B4-4DB7-A8A4-82E9DF815E49}.Debug|Any CPU.Build.0 = Debug|Any CPU
		{262BBD58-62B4-4DB7-A8A4-82E9DF815E49}.Release|Any CPU.ActiveCfg = Release|Any CPU
		{262BBD58-62B4-4DB7-A8A4-82E9DF815E49}.Release|Any CPU.Build.0 = Release|Any CPU
	EndGlobalSection
	GlobalSection(SolutionProperties) = preSolution
		HideSolutionNode = FALSE
	EndGlobalSection
	GlobalSection(ExtensibilityGlobals) = postSolution
		SolutionGuid = {25CA0C5D-DD8E-49C3-BDEA-5BF2A33658A6}
	EndGlobalSection
EndGlobal
