
Microsoft Visual Studio Solution File, Format Version 12.00
# Visual Studio Version 17
VisualStudioVersion = 17.0.32014.148
MinimumVisualStudioVersion = 10.0.40219.1
Project("{FAE04EC0-301F-11D3-BF4B-00C04F79EFBC}") = "ConditionalStatement", "ConditionalStatement.csproj", "{F6A4A426-03F8-4311-889E-AD7D64E1070C}"
EndProject
Global
	GlobalSection(SolutionConfigurationPlatforms) = preSolution
		Debug|Any CPU = Debug|Any CPU
		Release|Any CPU = Release|Any CPU
	EndGlobalSection
	GlobalSection(ProjectConfigurationPlatforms) = postSolution
		{F6A4A426-03F8-4311-889E-AD7D64E1070C}.Debug|Any CPU.ActiveCfg = Debug|Any CPU
		{F6A4A426-03F8-4311-889E-AD7D64E1070C}.Debug|Any CPU.Build.0 = Debug|Any CPU
		{F6A4A426-03F8-4311-889E-AD7D64E1070C}.Release|Any CPU.ActiveCfg = Release|Any CPU
		{F6A4A426-03F8-4311-889E-AD7D64E1070C}.Release|Any CPU.Build.0 = Release|Any CPU
	EndGlobalSection
	GlobalSection(SolutionProperties) = preSolution
		HideSolutionNode = FALSE
	EndGlobalSection
	GlobalSection(ExtensibilityGlobals) = postSolution
		SolutionGuid = {A6BFB39A-13E5-4541-BE5F-84BF562E6365}
	EndGlobalSection
EndGlobal
