
Microsoft Visual Studio Solution File, Format Version 12.00
# Visual Studio Version 17
VisualStudioVersion = 17.6.33723.286
MinimumVisualStudioVersion = 10.0.40219.1
Project("{FAE04EC0-301F-11D3-BF4B-00C04F79EFBC}") = "PLC", "PLC\PLC.csproj", "{1EE38E2B-8420-4A0A-BCDC-4789DA7C75A7}"
EndProject
Global
	GlobalSection(SolutionConfigurationPlatforms) = preSolution
		Debug|Any CPU = Debug|Any CPU
		Release|Any CPU = Release|Any CPU
	EndGlobalSection
	GlobalSection(ProjectConfigurationPlatforms) = postSolution
		{1EE38E2B-8420-4A0A-BCDC-4789DA7C75A7}.Debug|Any CPU.ActiveCfg = Debug|Any CPU
		{1EE38E2B-8420-4A0A-BCDC-4789DA7C75A7}.Debug|Any CPU.Build.0 = Debug|Any CPU
		{1EE38E2B-8420-4A0A-BCDC-4789DA7C75A7}.Release|Any CPU.ActiveCfg = Release|Any CPU
		{1EE38E2B-8420-4A0A-BCDC-4789DA7C75A7}.Release|Any CPU.Build.0 = Release|Any CPU
	EndGlobalSection
	GlobalSection(SolutionProperties) = preSolution
		HideSolutionNode = FALSE
	EndGlobalSection
	GlobalSection(ExtensibilityGlobals) = postSolution
		SolutionGuid = {00BDB0AD-99C4-4176-8669-FEF3A22D5A3A}
	EndGlobalSection
EndGlobal
